
Microsoft Visual Studio Solution File, Format Version 12.00
# Visual Studio Version 16
VisualStudioVersion = 16.0.29519.181
MinimumVisualStudioVersion = 10.0.40219.1
Project("{8BC9CEB8-8B4A-11D0-8D11-00A0C91BC942}") = "day01", "day01\day01.vcxproj", "{C6DE745E-71BC-4C6A-A3F3-2BEB7320B011}"
EndProject
Project("{8BC9CEB8-8B4A-11D0-8D11-00A0C91BC942}") = "day02", "day02\day02.vcxproj", "{75D76DA5-0C45-4BD4-8155-B98A2D807290}"
EndProject
Project("{8BC9CEB8-8B4A-11D0-8D11-00A0C91BC942}") = "common", "common\common.vcxproj", "{BC4534CD-B355-4919-9EC0-7082C2E51634}"
EndProject
Project("{8BC9CEB8-8B4A-11D0-8D11-00A0C91BC942}") = "day05", "day05\day05.vcxproj", "{669A85C0-094D-4D18-9891-CE386C779860}"
EndProject
Project("{8BC9CEB8-8B4A-11D0-8D11-00A0C91BC942}") = "day07", "day07\day07.vcxproj", "{A9C2BCF5-6B67-4599-9B80-27877C18515B}"
EndProject
Project("{2150E333-8FDC-42A3-9474-1A3956D46DE8}") = "inputs", "inputs", "{BC8CBE87-D7D9-41E0-892E-121FBF6FA4BC}"
	ProjectSection(SolutionItems) = preProject
		inputs\1.input = inputs\1.input
		inputs\16.input = inputs\16.input
		inputs\2.input = inputs\2.input
		inputs\3.input = inputs\3.input
		inputs\5.input = inputs\5.input
		inputs\6.input = inputs\6.input
		inputs\7.input = inputs\7.input
		inputs\8.input = inputs\8.input
		inputs\9.input = inputs\9.input
	EndProjectSection
EndProject
Project("{8BC9CEB8-8B4A-11D0-8D11-00A0C91BC942}") = "day16", "day16\day16.vcxproj", "{D8E0C5FF-50F6-4691-9EF5-25D1212D5B12}"
EndProject
Project("{8BC9CEB8-8B4A-11D0-8D11-00A0C91BC942}") = "day09", "day09\day09.vcxproj", "{928337CF-3315-487B-9DA9-592C8DCDCD25}"
EndProject
Global
	GlobalSection(SolutionConfigurationPlatforms) = preSolution
		Debug|x64 = Debug|x64
		Debug|x86 = Debug|x86
		Release|x64 = Release|x64
		Release|x86 = Release|x86
	EndGlobalSection
	GlobalSection(ProjectConfigurationPlatforms) = postSolution
		{C6DE745E-71BC-4C6A-A3F3-2BEB7320B011}.Debug|x64.ActiveCfg = Debug|x64
		{C6DE745E-71BC-4C6A-A3F3-2BEB7320B011}.Debug|x64.Build.0 = Debug|x64
		{C6DE745E-71BC-4C6A-A3F3-2BEB7320B011}.Debug|x86.ActiveCfg = Debug|Win32
		{C6DE745E-71BC-4C6A-A3F3-2BEB7320B011}.Debug|x86.Build.0 = Debug|Win32
		{C6DE745E-71BC-4C6A-A3F3-2BEB7320B011}.Release|x64.ActiveCfg = Release|x64
		{C6DE745E-71BC-4C6A-A3F3-2BEB7320B011}.Release|x64.Build.0 = Release|x64
		{C6DE745E-71BC-4C6A-A3F3-2BEB7320B011}.Release|x86.ActiveCfg = Release|Win32
		{C6DE745E-71BC-4C6A-A3F3-2BEB7320B011}.Release|x86.Build.0 = Release|Win32
		{75D76DA5-0C45-4BD4-8155-B98A2D807290}.Debug|x64.ActiveCfg = Debug|x64
		{75D76DA5-0C45-4BD4-8155-B98A2D807290}.Debug|x64.Build.0 = Debug|x64
		{75D76DA5-0C45-4BD4-8155-B98A2D807290}.Debug|x86.ActiveCfg = Debug|Win32
		{75D76DA5-0C45-4BD4-8155-B98A2D807290}.Debug|x86.Build.0 = Debug|Win32
		{75D76DA5-0C45-4BD4-8155-B98A2D807290}.Release|x64.ActiveCfg = Release|x64
		{75D76DA5-0C45-4BD4-8155-B98A2D807290}.Release|x64.Build.0 = Release|x64
		{75D76DA5-0C45-4BD4-8155-B98A2D807290}.Release|x86.ActiveCfg = Release|Win32
		{75D76DA5-0C45-4BD4-8155-B98A2D807290}.Release|x86.Build.0 = Release|Win32
		{BC4534CD-B355-4919-9EC0-7082C2E51634}.Debug|x64.ActiveCfg = Debug|x64
		{BC4534CD-B355-4919-9EC0-7082C2E51634}.Debug|x64.Build.0 = Debug|x64
		{BC4534CD-B355-4919-9EC0-7082C2E51634}.Debug|x86.ActiveCfg = Debug|Win32
		{BC4534CD-B355-4919-9EC0-7082C2E51634}.Debug|x86.Build.0 = Debug|Win32
		{BC4534CD-B355-4919-9EC0-7082C2E51634}.Release|x64.ActiveCfg = Release|x64
		{BC4534CD-B355-4919-9EC0-7082C2E51634}.Release|x64.Build.0 = Release|x64
		{BC4534CD-B355-4919-9EC0-7082C2E51634}.Release|x86.ActiveCfg = Release|Win32
		{BC4534CD-B355-4919-9EC0-7082C2E51634}.Release|x86.Build.0 = Release|Win32
		{669A85C0-094D-4D18-9891-CE386C779860}.Debug|x64.ActiveCfg = Debug|x64
		{669A85C0-094D-4D18-9891-CE386C779860}.Debug|x64.Build.0 = Debug|x64
		{669A85C0-094D-4D18-9891-CE386C779860}.Debug|x86.ActiveCfg = Debug|Win32
		{669A85C0-094D-4D18-9891-CE386C779860}.Debug|x86.Build.0 = Debug|Win32
		{669A85C0-094D-4D18-9891-CE386C779860}.Release|x64.ActiveCfg = Release|x64
		{669A85C0-094D-4D18-9891-CE386C779860}.Release|x64.Build.0 = Release|x64
		{669A85C0-094D-4D18-9891-CE386C779860}.Release|x86.ActiveCfg = Release|Win32
		{669A85C0-094D-4D18-9891-CE386C779860}.Release|x86.Build.0 = Release|Win32
		{A9C2BCF5-6B67-4599-9B80-27877C18515B}.Debug|x64.ActiveCfg = Debug|x64
		{A9C2BCF5-6B67-4599-9B80-27877C18515B}.Debug|x64.Build.0 = Debug|x64
		{A9C2BCF5-6B67-4599-9B80-27877C18515B}.Debug|x86.ActiveCfg = Debug|Win32
		{A9C2BCF5-6B67-4599-9B80-27877C18515B}.Debug|x86.Build.0 = Debug|Win32
		{A9C2BCF5-6B67-4599-9B80-27877C18515B}.Release|x64.ActiveCfg = Release|x64
		{A9C2BCF5-6B67-4599-9B80-27877C18515B}.Release|x64.Build.0 = Release|x64
		{A9C2BCF5-6B67-4599-9B80-27877C18515B}.Release|x86.ActiveCfg = Release|Win32
		{A9C2BCF5-6B67-4599-9B80-27877C18515B}.Release|x86.Build.0 = Release|Win32
		{D8E0C5FF-50F6-4691-9EF5-25D1212D5B12}.Debug|x64.ActiveCfg = Debug|x64
		{D8E0C5FF-50F6-4691-9EF5-25D1212D5B12}.Debug|x64.Build.0 = Debug|x64
		{D8E0C5FF-50F6-4691-9EF5-25D1212D5B12}.Debug|x86.ActiveCfg = Debug|Win32
		{D8E0C5FF-50F6-4691-9EF5-25D1212D5B12}.Debug|x86.Build.0 = Debug|Win32
		{D8E0C5FF-50F6-4691-9EF5-25D1212D5B12}.Release|x64.ActiveCfg = Release|x64
		{D8E0C5FF-50F6-4691-9EF5-25D1212D5B12}.Release|x64.Build.0 = Release|x64
		{D8E0C5FF-50F6-4691-9EF5-25D1212D5B12}.Release|x86.ActiveCfg = Release|Win32
		{D8E0C5FF-50F6-4691-9EF5-25D1212D5B12}.Release|x86.Build.0 = Release|Win32
		{928337CF-3315-487B-9DA9-592C8DCDCD25}.Debug|x64.ActiveCfg = Debug|x64
		{928337CF-3315-487B-9DA9-592C8DCDCD25}.Debug|x64.Build.0 = Debug|x64
		{928337CF-3315-487B-9DA9-592C8DCDCD25}.Debug|x86.ActiveCfg = Debug|Win32
		{928337CF-3315-487B-9DA9-592C8DCDCD25}.Debug|x86.Build.0 = Debug|Win32
		{928337CF-3315-487B-9DA9-592C8DCDCD25}.Release|x64.ActiveCfg = Release|x64
		{928337CF-3315-487B-9DA9-592C8DCDCD25}.Release|x64.Build.0 = Release|x64
		{928337CF-3315-487B-9DA9-592C8DCDCD25}.Release|x86.ActiveCfg = Release|Win32
		{928337CF-3315-487B-9DA9-592C8DCDCD25}.Release|x86.Build.0 = Release|Win32
	EndGlobalSection
	GlobalSection(SolutionProperties) = preSolution
		HideSolutionNode = FALSE
	EndGlobalSection
	GlobalSection(ExtensibilityGlobals) = postSolution
		SolutionGuid = {E5768A3B-12D3-48FB-9679-DA6BB675F8D4}
	EndGlobalSection
EndGlobal
